
Microsoft Visual Studio Solution File, Format Version 12.00
# Visual Studio Version 16
VisualStudioVersion = 16.0.32802.440
MinimumVisualStudioVersion = 10.0.40219.1
Project("{FAE04EC0-301F-11D3-BF4B-00C04F79EFBC}") = "FindAreaLib", "FindArea\FindAreaLib.csproj", "{1C36A8F0-1300-4BCA-8F9D-01891C44DB1E}"
EndProject
Global
	GlobalSection(SolutionConfigurationPlatforms) = preSolution
		Debug|Any CPU = Debug|Any CPU
		Release|Any CPU = Release|Any CPU
	EndGlobalSection
	GlobalSection(ProjectConfigurationPlatforms) = postSolution
		{1C36A8F0-1300-4BCA-8F9D-01891C44DB1E}.Debug|Any CPU.ActiveCfg = Debug|Any CPU
		{1C36A8F0-1300-4BCA-8F9D-01891C44DB1E}.Debug|Any CPU.Build.0 = Debug|Any CPU
		{1C36A8F0-1300-4BCA-8F9D-01891C44DB1E}.Release|Any CPU.ActiveCfg = Release|Any CPU
		{1C36A8F0-1300-4BCA-8F9D-01891C44DB1E}.Release|Any CPU.Build.0 = Release|Any CPU
	EndGlobalSection
	GlobalSection(SolutionProperties) = preSolution
		HideSolutionNode = FALSE
	EndGlobalSection
	GlobalSection(ExtensibilityGlobals) = postSolution
		SolutionGuid = {78C43820-D5B8-4FC5-B064-D782DF34650C}
	EndGlobalSection
EndGlobal
